
Microsoft Visual Studio Solution File, Format Version 12.00
# Visual Studio Version 17
VisualStudioVersion = 17.0.31903.59
MinimumVisualStudioVersion = 10.0.40219.1
Project("{2150E333-8FDC-42A3-9474-1A3956D46DE8}") = "src", "src", "{827E0CD3-B72D-47B6-A68D-7590B98EB39B}"
EndProject
Project("{FAE04EC0-301F-11D3-BF4B-00C04F79EFBC}") = "Cortikal.Api", "src\Cortikal.Api\Cortikal.Api.csproj", "{B1F441FC-F86E-4987-9A01-CCB991A8C3BB}"
EndProject
Project("{FAE04EC0-301F-11D3-BF4B-00C04F79EFBC}") = "Cortikal.Core", "src\Cortikal.Core\Cortikal.Core.csproj", "{9DF67389-5BB3-49B8-9023-684C3A764AC0}"
EndProject
Project("{FAE04EC0-301F-11D3-BF4B-00C04F79EFBC}") = "Cortikal.ArchParser", "src\Cortikal.ArchParser\Cortikal.ArchParser.csproj", "{7C097E2E-9784-43A7-84EC-3DAE9086B17B}"
EndProject
Project("{FAE04EC0-301F-11D3-BF4B-00C04F79EFBC}") = "Cortikal.Orchestrator", "src\Cortikal.Orchestrator\Cortikal.Orchestrator.csproj", "{77D4E1FF-F1DF-46B1-89B9-2F817B19925D}"
EndProject
Project("{FAE04EC0-301F-11D3-BF4B-00C04F79EFBC}") = "Cortikal.Security", "src\Cortikal.Security\Cortikal.Security.csproj", "{306A130A-566F-46E9-A961-D6A806CCB227}"
EndProject
Project("{FAE04EC0-301F-11D3-BF4B-00C04F79EFBC}") = "Cortikal.Infrastructure", "src\Cortikal.Infrastructure\Cortikal.Infrastructure.csproj", "{7917D2CF-A651-41FC-BFA4-440AC5236C8D}"
EndProject
Project("{2150E333-8FDC-42A3-9474-1A3956D46DE8}") = "tests", "tests", "{0AB3BF05-4346-4AA6-1389-037BE0695223}"
EndProject
Project("{FAE04EC0-301F-11D3-BF4B-00C04F79EFBC}") = "Cortikal.ArchParser.Tests", "tests\Cortikal.ArchParser.Tests\Cortikal.ArchParser.Tests.csproj", "{23A29FDB-BD3C-43A4-9AB5-20E066173574}"
EndProject
Project("{FAE04EC0-301F-11D3-BF4B-00C04F79EFBC}") = "Cortikal.Orchestrator.Tests", "tests\Cortikal.Orchestrator.Tests\Cortikal.Orchestrator.Tests.csproj", "{D2610D7F-F982-496A-88B9-F40C5D91E0AD}"
EndProject
Project("{FAE04EC0-301F-11D3-BF4B-00C04F79EFBC}") = "Cortikal.Security.Tests", "tests\Cortikal.Security.Tests\Cortikal.Security.Tests.csproj", "{9881F276-1003-479B-85D4-6741A70DC4A7}"
EndProject
Global
	GlobalSection(SolutionConfigurationPlatforms) = preSolution
		Debug|Any CPU = Debug|Any CPU
		Debug|x64 = Debug|x64
		Debug|x86 = Debug|x86
		Release|Any CPU = Release|Any CPU
		Release|x64 = Release|x64
		Release|x86 = Release|x86
	EndGlobalSection
	GlobalSection(ProjectConfigurationPlatforms) = postSolution
		{B1F441FC-F86E-4987-9A01-CCB991A8C3BB}.Debug|Any CPU.ActiveCfg = Debug|Any CPU
		{B1F441FC-F86E-4987-9A01-CCB991A8C3BB}.Debug|Any CPU.Build.0 = Debug|Any CPU
		{B1F441FC-F86E-4987-9A01-CCB991A8C3BB}.Debug|x64.ActiveCfg = Debug|Any CPU
		{B1F441FC-F86E-4987-9A01-CCB991A8C3BB}.Debug|x64.Build.0 = Debug|Any CPU
		{B1F441FC-F86E-4987-9A01-CCB991A8C3BB}.Debug|x86.ActiveCfg = Debug|Any CPU
		{B1F441FC-F86E-4987-9A01-CCB991A8C3BB}.Debug|x86.Build.0 = Debug|Any CPU
		{B1F441FC-F86E-4987-9A01-CCB991A8C3BB}.Release|Any CPU.ActiveCfg = Release|Any CPU
		{B1F441FC-F86E-4987-9A01-CCB991A8C3BB}.Release|Any CPU.Build.0 = Release|Any CPU
		{B1F441FC-F86E-4987-9A01-CCB991A8C3BB}.Release|x64.ActiveCfg = Release|Any CPU
		{B1F441FC-F86E-4987-9A01-CCB991A8C3BB}.Release|x64.Build.0 = Release|Any CPU
		{B1F441FC-F86E-4987-9A01-CCB991A8C3BB}.Release|x86.ActiveCfg = Release|Any CPU
		{B1F441FC-F86E-4987-9A01-CCB991A8C3BB}.Release|x86.Build.0 = Release|Any CPU
		{9DF67389-5BB3-49B8-9023-684C3A764AC0}.Debug|Any CPU.ActiveCfg = Debug|Any CPU
		{9DF67389-5BB3-49B8-9023-684C3A764AC0}.Debug|Any CPU.Build.0 = Debug|Any CPU
		{9DF67389-5BB3-49B8-9023-684C3A764AC0}.Debug|x64.ActiveCfg = Debug|Any CPU
		{9DF67389-5BB3-49B8-9023-684C3A764AC0}.Debug|x64.Build.0 = Debug|Any CPU
		{9DF67389-5BB3-49B8-9023-684C3A764AC0}.Debug|x86.ActiveCfg = Debug|Any CPU
		{9DF67389-5BB3-49B8-9023-684C3A764AC0}.Debug|x86.Build.0 = Debug|Any CPU
		{9DF67389-5BB3-49B8-9023-684C3A764AC0}.Release|Any CPU.ActiveCfg = Release|Any CPU
		{9DF67389-5BB3-49B8-9023-684C3A764AC0}.Release|Any CPU.Build.0 = Release|Any CPU
		{9DF67389-5BB3-49B8-9023-684C3A764AC0}.Release|x64.ActiveCfg = Release|Any CPU
		{9DF67389-5BB3-49B8-9023-684C3A764AC0}.Release|x64.Build.0 = Release|Any CPU
		{9DF67389-5BB3-49B8-9023-684C3A764AC0}.Release|x86.ActiveCfg = Release|Any CPU
		{9DF67389-5BB3-49B8-9023-684C3A764AC0}.Release|x86.Build.0 = Release|Any CPU
		{7C097E2E-9784-43A7-84EC-3DAE9086B17B}.Debug|Any CPU.ActiveCfg = Debug|Any CPU
		{7C097E2E-9784-43A7-84EC-3DAE9086B17B}.Debug|Any CPU.Build.0 = Debug|Any CPU
		{7C097E2E-9784-43A7-84EC-3DAE9086B17B}.Debug|x64.ActiveCfg = Debug|Any CPU
		{7C097E2E-9784-43A7-84EC-3DAE9086B17B}.Debug|x64.Build.0 = Debug|Any CPU
		{7C097E2E-9784-43A7-84EC-3DAE9086B17B}.Debug|x86.ActiveCfg = Debug|Any CPU
		{7C097E2E-9784-43A7-84EC-3DAE9086B17B}.Debug|x86.Build.0 = Debug|Any CPU
		{7C097E2E-9784-43A7-84EC-3DAE9086B17B}.Release|Any CPU.ActiveCfg = Release|Any CPU
		{7C097E2E-9784-43A7-84EC-3DAE9086B17B}.Release|Any CPU.Build.0 = Release|Any CPU
		{7C097E2E-9784-43A7-84EC-3DAE9086B17B}.Release|x64.ActiveCfg = Release|Any CPU
		{7C097E2E-9784-43A7-84EC-3DAE9086B17B}.Release|x64.Build.0 = Release|Any CPU
		{7C097E2E-9784-43A7-84EC-3DAE9086B17B}.Release|x86.ActiveCfg = Release|Any CPU
		{7C097E2E-9784-43A7-84EC-3DAE9086B17B}.Release|x86.Build.0 = Release|Any CPU
		{77D4E1FF-F1DF-46B1-89B9-2F817B19925D}.Debug|Any CPU.ActiveCfg = Debug|Any CPU
		{77D4E1FF-F1DF-46B1-89B9-2F817B19925D}.Debug|Any CPU.Build.0 = Debug|Any CPU
		{77D4E1FF-F1DF-46B1-89B9-2F817B19925D}.Debug|x64.ActiveCfg = Debug|Any CPU
		{77D4E1FF-F1DF-46B1-89B9-2F817B19925D}.Debug|x64.Build.0 = Debug|Any CPU
		{77D4E1FF-F1DF-46B1-89B9-2F817B19925D}.Debug|x86.ActiveCfg = Debug|Any CPU
		{77D4E1FF-F1DF-46B1-89B9-2F817B19925D}.Debug|x86.Build.0 = Debug|Any CPU
		{77D4E1FF-F1DF-46B1-89B9-2F817B19925D}.Release|Any CPU.ActiveCfg = Release|Any CPU
		{77D4E1FF-F1DF-46B1-89B9-2F817B19925D}.Release|Any CPU.Build.0 = Release|Any CPU
		{77D4E1FF-F1DF-46B1-89B9-2F817B19925D}.Release|x64.ActiveCfg = Release|Any CPU
		{77D4E1FF-F1DF-46B1-89B9-2F817B19925D}.Release|x64.Build.0 = Release|Any CPU
		{77D4E1FF-F1DF-46B1-89B9-2F817B19925D}.Release|x86.ActiveCfg = Release|Any CPU
		{77D4E1FF-F1DF-46B1-89B9-2F817B19925D}.Release|x86.Build.0 = Release|Any CPU
		{306A130A-566F-46E9-A961-D6A806CCB227}.Debug|Any CPU.ActiveCfg = Debug|Any CPU
		{306A130A-566F-46E9-A961-D6A806CCB227}.Debug|Any CPU.Build.0 = Debug|Any CPU
		{306A130A-566F-46E9-A961-D6A806CCB227}.Debug|x64.ActiveCfg = Debug|Any CPU
		{306A130A-566F-46E9-A961-D6A806CCB227}.Debug|x64.Build.0 = Debug|Any CPU
		{306A130A-566F-46E9-A961-D6A806CCB227}.Debug|x86.ActiveCfg = Debug|Any CPU
		{306A130A-566F-46E9-A961-D6A806CCB227}.Debug|x86.Build.0 = Debug|Any CPU
		{306A130A-566F-46E9-A961-D6A806CCB227}.Release|Any CPU.ActiveCfg = Release|Any CPU
		{306A130A-566F-46E9-A961-D6A806CCB227}.Release|Any CPU.Build.0 = Release|Any CPU
		{306A130A-566F-46E9-A961-D6A806CCB227}.Release|x64.ActiveCfg = Release|Any CPU
		{306A130A-566F-46E9-A961-D6A806CCB227}.Release|x64.Build.0 = Release|Any CPU
		{306A130A-566F-46E9-A961-D6A806CCB227}.Release|x86.ActiveCfg = Release|Any CPU
		{306A130A-566F-46E9-A961-D6A806CCB227}.Release|x86.Build.0 = Release|Any CPU
		{7917D2CF-A651-41FC-BFA4-440AC5236C8D}.Debug|Any CPU.ActiveCfg = Debug|Any CPU
		{7917D2CF-A651-41FC-BFA4-440AC5236C8D}.Debug|Any CPU.Build.0 = Debug|Any CPU
		{7917D2CF-A651-41FC-BFA4-440AC5236C8D}.Debug|x64.ActiveCfg = Debug|Any CPU
		{7917D2CF-A651-41FC-BFA4-440AC5236C8D}.Debug|x64.Build.0 = Debug|Any CPU
		{7917D2CF-A651-41FC-BFA4-440AC5236C8D}.Debug|x86.ActiveCfg = Debug|Any CPU
		{7917D2CF-A651-41FC-BFA4-440AC5236C8D}.Debug|x86.Build.0 = Debug|Any CPU
		{7917D2CF-A651-41FC-BFA4-440AC5236C8D}.Release|Any CPU.ActiveCfg = Release|Any CPU
		{7917D2CF-A651-41FC-BFA4-440AC5236C8D}.Release|Any CPU.Build.0 = Release|Any CPU
		{7917D2CF-A651-41FC-BFA4-440AC5236C8D}.Release|x64.ActiveCfg = Release|Any CPU
		{7917D2CF-A651-41FC-BFA4-440AC5236C8D}.Release|x64.Build.0 = Release|Any CPU
		{7917D2CF-A651-41FC-BFA4-440AC5236C8D}.Release|x86.ActiveCfg = Release|Any CPU
		{7917D2CF-A651-41FC-BFA4-440AC5236C8D}.Release|x86.Build.0 = Release|Any CPU
		{23A29FDB-BD3C-43A4-9AB5-20E066173574}.Debug|Any CPU.ActiveCfg = Debug|Any CPU
		{23A29FDB-BD3C-43A4-9AB5-20E066173574}.Debug|Any CPU.Build.0 = Debug|Any CPU
		{23A29FDB-BD3C-43A4-9AB5-20E066173574}.Debug|x64.ActiveCfg = Debug|Any CPU
		{23A29FDB-BD3C-43A4-9AB5-20E066173574}.Debug|x64.Build.0 = Debug|Any CPU
		{23A29FDB-BD3C-43A4-9AB5-20E066173574}.Debug|x86.ActiveCfg = Debug|Any CPU
		{23A29FDB-BD3C-43A4-9AB5-20E066173574}.Debug|x86.Build.0 = Debug|Any CPU
		{23A29FDB-BD3C-43A4-9AB5-20E066173574}.Release|Any CPU.ActiveCfg = Release|Any CPU
		{23A29FDB-BD3C-43A4-9AB5-20E066173574}.Release|Any CPU.Build.0 = Release|Any CPU
		{23A29FDB-BD3C-43A4-9AB5-20E066173574}.Release|x64.ActiveCfg = Release|Any CPU
		{23A29FDB-BD3C-43A4-9AB5-20E066173574}.Release|x64.Build.0 = Release|Any CPU
		{23A29FDB-BD3C-43A4-9AB5-20E066173574}.Release|x86.ActiveCfg = Release|Any CPU
		{23A29FDB-BD3C-43A4-9AB5-20E066173574}.Release|x86.Build.0 = Release|Any CPU
		{D2610D7F-F982-496A-88B9-F40C5D91E0AD}.Debug|Any CPU.ActiveCfg = Debug|Any CPU
		{D2610D7F-F982-496A-88B9-F40C5D91E0AD}.Debug|Any CPU.Build.0 = Debug|Any CPU
		{D2610D7F-F982-496A-88B9-F40C5D91E0AD}.Debug|x64.ActiveCfg = Debug|Any CPU
		{D2610D7F-F982-496A-88B9-F40C5D91E0AD}.Debug|x64.Build.0 = Debug|Any CPU
		{D2610D7F-F982-496A-88B9-F40C5D91E0AD}.Debug|x86.ActiveCfg = Debug|Any CPU
		{D2610D7F-F982-496A-88B9-F40C5D91E0AD}.Debug|x86.Build.0 = Debug|Any CPU
		{D2610D7F-F982-496A-88B9-F40C5D91E0AD}.Release|Any CPU.ActiveCfg = Release|Any CPU
		{D2610D7F-F982-496A-88B9-F40C5D91E0AD}.Release|Any CPU.Build.0 = Release|Any CPU
		{D2610D7F-F982-496A-88B9-F40C5D91E0AD}.Release|x64.ActiveCfg = Release|Any CPU
		{D2610D7F-F982-496A-88B9-F40C5D91E0AD}.Release|x64.Build.0 = Release|Any CPU
		{D2610D7F-F982-496A-88B9-F40C5D91E0AD}.Release|x86.ActiveCfg = Release|Any CPU
		{D2610D7F-F982-496A-88B9-F40C5D91E0AD}.Release|x86.Build.0 = Release|Any CPU
		{9881F276-1003-479B-85D4-6741A70DC4A7}.Debug|Any CPU.ActiveCfg = Debug|Any CPU
		{9881F276-1003-479B-85D4-6741A70DC4A7}.Debug|Any CPU.Build.0 = Debug|Any CPU
		{9881F276-1003-479B-85D4-6741A70DC4A7}.Debug|x64.ActiveCfg = Debug|Any CPU
		{9881F276-1003-479B-85D4-6741A70DC4A7}.Debug|x64.Build.0 = Debug|Any CPU
		{9881F276-1003-479B-85D4-6741A70DC4A7}.Debug|x86.ActiveCfg = Debug|Any CPU
		{9881F276-1003-479B-85D4-6741A70DC4A7}.Debug|x86.Build.0 = Debug|Any CPU
		{9881F276-1003-479B-85D4-6741A70DC4A7}.Release|Any CPU.ActiveCfg = Release|Any CPU
		{9881F276-1003-479B-85D4-6741A70DC4A7}.Release|Any CPU.Build.0 = Release|Any CPU
		{9881F276-1003-479B-85D4-6741A70DC4A7}.Release|x64.ActiveCfg = Release|Any CPU
		{9881F276-1003-479B-85D4-6741A70DC4A7}.Release|x64.Build.0 = Release|Any CPU
		{9881F276-1003-479B-85D4-6741A70DC4A7}.Release|x86.ActiveCfg = Release|Any CPU
		{9881F276-1003-479B-85D4-6741A70DC4A7}.Release|x86.Build.0 = Release|Any CPU
	EndGlobalSection
	GlobalSection(SolutionProperties) = preSolution
		HideSolutionNode = FALSE
	EndGlobalSection
	GlobalSection(NestedProjects) = preSolution
		{B1F441FC-F86E-4987-9A01-CCB991A8C3BB} = {827E0CD3-B72D-47B6-A68D-7590B98EB39B}
		{9DF67389-5BB3-49B8-9023-684C3A764AC0} = {827E0CD3-B72D-47B6-A68D-7590B98EB39B}
		{7C097E2E-9784-43A7-84EC-3DAE9086B17B} = {827E0CD3-B72D-47B6-A68D-7590B98EB39B}
		{77D4E1FF-F1DF-46B1-89B9-2F817B19925D} = {827E0CD3-B72D-47B6-A68D-7590B98EB39B}
		{306A130A-566F-46E9-A961-D6A806CCB227} = {827E0CD3-B72D-47B6-A68D-7590B98EB39B}
		{7917D2CF-A651-41FC-BFA4-440AC5236C8D} = {827E0CD3-B72D-47B6-A68D-7590B98EB39B}
		{23A29FDB-BD3C-43A4-9AB5-20E066173574} = {0AB3BF05-4346-4AA6-1389-037BE0695223}
		{D2610D7F-F982-496A-88B9-F40C5D91E0AD} = {0AB3BF05-4346-4AA6-1389-037BE0695223}
		{9881F276-1003-479B-85D4-6741A70DC4A7} = {0AB3BF05-4346-4AA6-1389-037BE0695223}
	EndGlobalSection
EndGlobal
